
Microsoft Visual Studio Solution File, Format Version 12.00
# Visual Studio Version 16
VisualStudioVersion = 16.0.30204.135
MinimumVisualStudioVersion = 10.0.40219.1
Project("{FAE04EC0-301F-11D3-BF4B-00C04F79EFBC}") = "Final", "Final.csproj", "{0C532E84-EE1B-4DC9-A657-E352DC85AEDA}"
EndProject
Global
	GlobalSection(SolutionConfigurationPlatforms) = preSolution
		Debug|Any CPU = Debug|Any CPU
		Debug|x86 = Debug|x86
		Release|Any CPU = Release|Any CPU
		Release|x86 = Release|x86
	EndGlobalSection
	GlobalSection(ProjectConfigurationPlatforms) = postSolution
		{0C532E84-EE1B-4DC9-A657-E352DC85AEDA}.Debug|Any CPU.ActiveCfg = Debug|Any CPU
		{0C532E84-EE1B-4DC9-A657-E352DC85AEDA}.Debug|Any CPU.Build.0 = Debug|Any CPU
		{0C532E84-EE1B-4DC9-A657-E352DC85AEDA}.Debug|x86.ActiveCfg = Debug|x86
		{0C532E84-EE1B-4DC9-A657-E352DC85AEDA}.Debug|x86.Build.0 = Debug|x86
		{0C532E84-EE1B-4DC9-A657-E352DC85AEDA}.Release|Any CPU.ActiveCfg = Release|Any CPU
		{0C532E84-EE1B-4DC9-A657-E352DC85AEDA}.Release|Any CPU.Build.0 = Release|Any CPU
		{0C532E84-EE1B-4DC9-A657-E352DC85AEDA}.Release|x86.ActiveCfg = Release|x86
		{0C532E84-EE1B-4DC9-A657-E352DC85AEDA}.Release|x86.Build.0 = Release|x86
	EndGlobalSection
	GlobalSection(SolutionProperties) = preSolution
		HideSolutionNode = FALSE
	EndGlobalSection
	GlobalSection(ExtensibilityGlobals) = postSolution
		SolutionGuid = {EB7C115F-9E5E-4F20-ACD8-CF70814021CF}
	EndGlobalSection
EndGlobal
